
Microsoft Visual Studio Solution File, Format Version 12.00
Project("{FAE04EC0-301F-11D3-BF4B-00C04F79EFBC}") = "QazaqTehnologyForSite", "QazaqTehnologyForSite\QazaqTehnologyForSite.csproj", "{6A140B00-35DD-4AD4-A075-DE737319E34B}"
EndProject
Global
	GlobalSection(SolutionConfigurationPlatforms) = preSolution
		Debug|Any CPU = Debug|Any CPU
		Release|Any CPU = Release|Any CPU
	EndGlobalSection
	GlobalSection(ProjectConfigurationPlatforms) = postSolution
		{6A140B00-35DD-4AD4-A075-DE737319E34B}.Debug|Any CPU.ActiveCfg = Debug|Any CPU
		{6A140B00-35DD-4AD4-A075-DE737319E34B}.Debug|Any CPU.Build.0 = Debug|Any CPU
		{6A140B00-35DD-4AD4-A075-DE737319E34B}.Release|Any CPU.ActiveCfg = Release|Any CPU
		{6A140B00-35DD-4AD4-A075-DE737319E34B}.Release|Any CPU.Build.0 = Release|Any CPU
	EndGlobalSection
EndGlobal
